
Microsoft Visual Studio Solution File, Format Version 12.00
# Visual Studio 15
Project("{FAE04EC0-301F-11D3-BF4B-00C04F79EFBC}") = "Unity.Multiplayer.MLAPI.Runtime", "Unity.Multiplayer.MLAPI.Runtime.csproj", "{F3F48EFC-1931-B567-0039-E1E3192D0F7E}"
EndProject
Project("{FAE04EC0-301F-11D3-BF4B-00C04F79EFBC}") = "Photon Realtime MLAPI Transport", "Photon Realtime MLAPI Transport.csproj", "{61681796-0C98-826E-E33E-0CB0BC3EA5CD}"
EndProject
Project("{FAE04EC0-301F-11D3-BF4B-00C04F79EFBC}") = "Assembly-CSharp", "Assembly-CSharp.csproj", "{75005277-FEE4-C75D-1931-E7F8DAB21EDC}"
EndProject
Project("{FAE04EC0-301F-11D3-BF4B-00C04F79EFBC}") = "Unity.Multiplayer.MLAPI.Prototyping", "Unity.Multiplayer.MLAPI.Prototyping.csproj", "{42747078-22E2-F493-D07F-C77144C1FE16}"
EndProject
Project("{FAE04EC0-301F-11D3-BF4B-00C04F79EFBC}") = "Unity.Multiplayer.MLAPI.Editor", "Unity.Multiplayer.MLAPI.Editor.csproj", "{310C00D8-0D3F-986E-A833-D3F67ECD315C}"
EndProject
Project("{FAE04EC0-301F-11D3-BF4B-00C04F79EFBC}") = "Unity.Multiplayer.MLAPI.Editor.CodeGen", "Unity.Multiplayer.MLAPI.Editor.CodeGen.csproj", "{9B9E1517-D1AC-0D34-6675-42CB3AF41026}"
EndProject
Global
	GlobalSection(SolutionConfigurationPlatforms) = preSolution
		Debug|Any CPU = Debug|Any CPU
		Release|Any CPU = Release|Any CPU
	EndGlobalSection
	GlobalSection(ProjectConfigurationPlatforms) = postSolution
		{F3F48EFC-1931-B567-0039-E1E3192D0F7E}.Debug|Any CPU.ActiveCfg = Debug|Any CPU
		{F3F48EFC-1931-B567-0039-E1E3192D0F7E}.Debug|Any CPU.Build.0 = Debug|Any CPU
		{F3F48EFC-1931-B567-0039-E1E3192D0F7E}.Release|Any CPU.ActiveCfg = Release|Any CPU
		{F3F48EFC-1931-B567-0039-E1E3192D0F7E}.Release|Any CPU.Build.0 = Release|Any CPU
		{61681796-0C98-826E-E33E-0CB0BC3EA5CD}.Debug|Any CPU.ActiveCfg = Debug|Any CPU
		{61681796-0C98-826E-E33E-0CB0BC3EA5CD}.Debug|Any CPU.Build.0 = Debug|Any CPU
		{61681796-0C98-826E-E33E-0CB0BC3EA5CD}.Release|Any CPU.ActiveCfg = Release|Any CPU
		{61681796-0C98-826E-E33E-0CB0BC3EA5CD}.Release|Any CPU.Build.0 = Release|Any CPU
		{75005277-FEE4-C75D-1931-E7F8DAB21EDC}.Debug|Any CPU.ActiveCfg = Debug|Any CPU
		{75005277-FEE4-C75D-1931-E7F8DAB21EDC}.Debug|Any CPU.Build.0 = Debug|Any CPU
		{75005277-FEE4-C75D-1931-E7F8DAB21EDC}.Release|Any CPU.ActiveCfg = Release|Any CPU
		{75005277-FEE4-C75D-1931-E7F8DAB21EDC}.Release|Any CPU.Build.0 = Release|Any CPU
		{42747078-22E2-F493-D07F-C77144C1FE16}.Debug|Any CPU.ActiveCfg = Debug|Any CPU
		{42747078-22E2-F493-D07F-C77144C1FE16}.Debug|Any CPU.Build.0 = Debug|Any CPU
		{42747078-22E2-F493-D07F-C77144C1FE16}.Release|Any CPU.ActiveCfg = Release|Any CPU
		{42747078-22E2-F493-D07F-C77144C1FE16}.Release|Any CPU.Build.0 = Release|Any CPU
		{310C00D8-0D3F-986E-A833-D3F67ECD315C}.Debug|Any CPU.ActiveCfg = Debug|Any CPU
		{310C00D8-0D3F-986E-A833-D3F67ECD315C}.Debug|Any CPU.Build.0 = Debug|Any CPU
		{310C00D8-0D3F-986E-A833-D3F67ECD315C}.Release|Any CPU.ActiveCfg = Release|Any CPU
		{310C00D8-0D3F-986E-A833-D3F67ECD315C}.Release|Any CPU.Build.0 = Release|Any CPU
		{9B9E1517-D1AC-0D34-6675-42CB3AF41026}.Debug|Any CPU.ActiveCfg = Debug|Any CPU
		{9B9E1517-D1AC-0D34-6675-42CB3AF41026}.Debug|Any CPU.Build.0 = Debug|Any CPU
		{9B9E1517-D1AC-0D34-6675-42CB3AF41026}.Release|Any CPU.ActiveCfg = Release|Any CPU
		{9B9E1517-D1AC-0D34-6675-42CB3AF41026}.Release|Any CPU.Build.0 = Release|Any CPU
	EndGlobalSection
	GlobalSection(SolutionProperties) = preSolution
		HideSolutionNode = FALSE
	EndGlobalSection
EndGlobal
